// !$*UTF8*$!
{
	archiveVersion = 1;
	classes = {
	};
	objectVersion = 56;
	objects = {

/* Begin PBXBuildFile section */
		4D31DF9C2C43CB00009150C8 /* CalendarView.swift in Sources */ = {isa = PBXBuildFile; fileRef = 4D31DF9B2C43CB00009150C8 /* CalendarView.swift */; };
		4D59F99B2C3AA54700CA853D /* MainView.swift in Sources */ = {isa = PBXBuildFile; fileRef = 4D59F99A2C3AA54700CA853D /* MainView.swift */; };
		4D59F99D2C3AA57B00CA853D /* TimerView.swift in Sources */ = {isa = PBXBuildFile; fileRef = 4D59F99C2C3AA57B00CA853D /* TimerView.swift */; };
		4D59F99F2C3AA58500CA853D /* MyPageView.swift in Sources */ = {isa = PBXBuildFile; fileRef = 4D59F99E2C3AA58500CA853D /* MyPageView.swift */; };
		4D59F9A12C3AA9C200CA853D /* TimerSettings.swift in Sources */ = {isa = PBXBuildFile; fileRef = 4D59F9A02C3AA9C200CA853D /* TimerSettings.swift */; };
		4D59F9A32C3AAF5B00CA853D /* TimerViewModel.swift in Sources */ = {isa = PBXBuildFile; fileRef = 4D59F9A22C3AAF5B00CA853D /* TimerViewModel.swift */; };
		4D59F9A52C3ACF5200CA853D /* TimerSettingsView.swift in Sources */ = {isa = PBXBuildFile; fileRef = 4D59F9A42C3ACF5200CA853D /* TimerSettingsView.swift */; };
		4D78C21C2C36E000009AAF5E /* WorkoutApp.swift in Sources */ = {isa = PBXBuildFile; fileRef = 4D78C21B2C36E000009AAF5E /* WorkoutApp.swift */; };
		4D78C21E2C36E000009AAF5E /* WorkoutsView.swift in Sources */ = {isa = PBXBuildFile; fileRef = 4D78C21D2C36E000009AAF5E /* WorkoutsView.swift */; };
		4D78C2202C36E001009AAF5E /* Assets.xcassets in Resources */ = {isa = PBXBuildFile; fileRef = 4D78C21F2C36E001009AAF5E /* Assets.xcassets */; };
		4D78C2232C36E001009AAF5E /* Preview Assets.xcassets in Resources */ = {isa = PBXBuildFile; fileRef = 4D78C2222C36E001009AAF5E /* Preview Assets.xcassets */; };
		4D78C22A2C36E025009AAF5E /* Workout.swift in Sources */ = {isa = PBXBuildFile; fileRef = 4D78C2292C36E025009AAF5E /* Workout.swift */; };
		4D78C22C2C36E121009AAF5E /* WorkoutViewModel.swift in Sources */ = {isa = PBXBuildFile; fileRef = 4D78C22B2C36E121009AAF5E /* WorkoutViewModel.swift */; };
		4D78C22F2C36E186009AAF5E /* RxBlocking in Frameworks */ = {isa = PBXBuildFile; productRef = 4D78C22E2C36E186009AAF5E /* RxBlocking */; };
		4D78C2312C36E186009AAF5E /* RxBlocking-Dynamic in Frameworks */ = {isa = PBXBuildFile; productRef = 4D78C2302C36E186009AAF5E /* RxBlocking-Dynamic */; };
		4D78C2332C36E186009AAF5E /* RxCocoa in Frameworks */ = {isa = PBXBuildFile; productRef = 4D78C2322C36E186009AAF5E /* RxCocoa */; };
		4D78C2352C36E186009AAF5E /* RxCocoa-Dynamic in Frameworks */ = {isa = PBXBuildFile; productRef = 4D78C2342C36E186009AAF5E /* RxCocoa-Dynamic */; };
		4D78C2372C36E186009AAF5E /* RxRelay in Frameworks */ = {isa = PBXBuildFile; productRef = 4D78C2362C36E186009AAF5E /* RxRelay */; };
		4D78C2392C36E186009AAF5E /* RxRelay-Dynamic in Frameworks */ = {isa = PBXBuildFile; productRef = 4D78C2382C36E186009AAF5E /* RxRelay-Dynamic */; };
/* End PBXBuildFile section */

/* Begin PBXFileReference section */
		4D31DF9B2C43CB00009150C8 /* CalendarView.swift */ = {isa = PBXFileReference; lastKnownFileType = sourcecode.swift; path = CalendarView.swift; sourceTree = "<group>"; };
		4D59F99A2C3AA54700CA853D /* MainView.swift */ = {isa = PBXFileReference; lastKnownFileType = sourcecode.swift; path = MainView.swift; sourceTree = "<group>"; };
		4D59F99C2C3AA57B00CA853D /* TimerView.swift */ = {isa = PBXFileReference; lastKnownFileType = sourcecode.swift; path = TimerView.swift; sourceTree = "<group>"; };
		4D59F99E2C3AA58500CA853D /* MyPageView.swift */ = {isa = PBXFileReference; lastKnownFileType = sourcecode.swift; path = MyPageView.swift; sourceTree = "<group>"; };
		4D59F9A02C3AA9C200CA853D /* TimerSettings.swift */ = {isa = PBXFileReference; lastKnownFileType = sourcecode.swift; path = TimerSettings.swift; sourceTree = "<group>"; };
		4D59F9A22C3AAF5B00CA853D /* TimerViewModel.swift */ = {isa = PBXFileReference; lastKnownFileType = sourcecode.swift; path = TimerViewModel.swift; sourceTree = "<group>"; };
		4D59F9A42C3ACF5200CA853D /* TimerSettingsView.swift */ = {isa = PBXFileReference; lastKnownFileType = sourcecode.swift; path = TimerSettingsView.swift; sourceTree = "<group>"; };
		4D78C2182C36E000009AAF5E /* Workout.app */ = {isa = PBXFileReference; explicitFileType = wrapper.application; includeInIndex = 0; path = Workout.app; sourceTree = BUILT_PRODUCTS_DIR; };
		4D78C21B2C36E000009AAF5E /* WorkoutApp.swift */ = {isa = PBXFileReference; lastKnownFileType = sourcecode.swift; path = WorkoutApp.swift; sourceTree = "<group>"; };
		4D78C21D2C36E000009AAF5E /* WorkoutsView.swift */ = {isa = PBXFileReference; lastKnownFileType = sourcecode.swift; path = WorkoutsView.swift; sourceTree = "<group>"; };
		4D78C21F2C36E001009AAF5E /* Assets.xcassets */ = {isa = PBXFileReference; lastKnownFileType = folder.assetcatalog; path = Assets.xcassets; sourceTree = "<group>"; };
		4D78C2222C36E001009AAF5E /* Preview Assets.xcassets */ = {isa = PBXFileReference; lastKnownFileType = folder.assetcatalog; path = "Preview Assets.xcassets"; sourceTree = "<group>"; };
		4D78C2292C36E025009AAF5E /* Workout.swift */ = {isa = PBXFileReference; lastKnownFileType = sourcecode.swift; path = Workout.swift; sourceTree = "<group>"; };
		4D78C22B2C36E121009AAF5E /* WorkoutViewModel.swift */ = {isa = PBXFileReference; lastKnownFileType = sourcecode.swift; path = WorkoutViewModel.swift; sourceTree = "<group>"; };
/* End PBXFileReference section */

/* Begin PBXFrameworksBuildPhase section */
		4D78C2152C36E000009AAF5E /* Frameworks */ = {
			isa = PBXFrameworksBuildPhase;
			buildActionMask = 2147483647;
			files = (
				4D78C2372C36E186009AAF5E /* RxRelay in Frameworks */,
				4D78C2352C36E186009AAF5E /* RxCocoa-Dynamic in Frameworks */,
				4D78C2392C36E186009AAF5E /* RxRelay-Dynamic in Frameworks */,
				4D78C2332C36E186009AAF5E /* RxCocoa in Frameworks */,
				4D78C22F2C36E186009AAF5E /* RxBlocking in Frameworks */,
				4D78C2312C36E186009AAF5E /* RxBlocking-Dynamic in Frameworks */,
			);
			runOnlyForDeploymentPostprocessing = 0;
		};
/* End PBXFrameworksBuildPhase section */

/* Begin PBXGroup section */
		4D59F9A62C3AD14400CA853D /* Timer */ = {
			isa = PBXGroup;
			children = (
				4D59F99C2C3AA57B00CA853D /* TimerView.swift */,
				4D31DF9B2C43CB00009150C8 /* CalendarView.swift */,
				4D59F9A42C3ACF5200CA853D /* TimerSettingsView.swift */,
			);
			path = Timer;
			sourceTree = "<group>";
		};
		4D59F9A72C3AD1AF00CA853D /* Main */ = {
			isa = PBXGroup;
			children = (
				4D59F99A2C3AA54700CA853D /* MainView.swift */,
			);
			path = Main;
			sourceTree = "<group>";
		};
		4D59F9A82C3AD1B700CA853D /* Record */ = {
			isa = PBXGroup;
			children = (
				4D78C21D2C36E000009AAF5E /* WorkoutsView.swift */,
			);
			path = Record;
			sourceTree = "<group>";
		};
		4D59F9A92C3AD1E800CA853D /* MyPage */ = {
			isa = PBXGroup;
			children = (
				4D59F99E2C3AA58500CA853D /* MyPageView.swift */,
			);
			path = MyPage;
			sourceTree = "<group>";
		};
		4D78C20F2C36E000009AAF5E = {
			isa = PBXGroup;
			children = (
				4D78C21A2C36E000009AAF5E /* Workout */,
				4D78C2192C36E000009AAF5E /* Products */,
			);
			sourceTree = "<group>";
		};
		4D78C2192C36E000009AAF5E /* Products */ = {
			isa = PBXGroup;
			children = (
				4D78C2182C36E000009AAF5E /* Workout.app */,
			);
			name = Products;
			sourceTree = "<group>";
		};
		4D78C21A2C36E000009AAF5E /* Workout */ = {
			isa = PBXGroup;
			children = (
				4D78C23A2C36E21E009AAF5E /* Models */,
				4D78C23B2C36E228009AAF5E /* Views */,
				4D78C23C2C36E230009AAF5E /* ViewModels */,
				4D78C21F2C36E001009AAF5E /* Assets.xcassets */,
				4D78C2212C36E001009AAF5E /* Preview Content */,
			);
			path = Workout;
			sourceTree = "<group>";
		};
		4D78C2212C36E001009AAF5E /* Preview Content */ = {
			isa = PBXGroup;
			children = (
				4D78C2222C36E001009AAF5E /* Preview Assets.xcassets */,
			);
			path = "Preview Content";
			sourceTree = "<group>";
		};
		4D78C23A2C36E21E009AAF5E /* Models */ = {
			isa = PBXGroup;
			children = (
				4D78C2292C36E025009AAF5E /* Workout.swift */,
				4D59F9A02C3AA9C200CA853D /* TimerSettings.swift */,
			);
			path = Models;
			sourceTree = "<group>";
		};
		4D78C23B2C36E228009AAF5E /* Views */ = {
			isa = PBXGroup;
			children = (
				4D78C21B2C36E000009AAF5E /* WorkoutApp.swift */,
				4D59F9A72C3AD1AF00CA853D /* Main */,
				4D59F9A62C3AD14400CA853D /* Timer */,
				4D59F9A82C3AD1B700CA853D /* Record */,
				4D59F9A92C3AD1E800CA853D /* MyPage */,
			);
			path = Views;
			sourceTree = "<group>";
		};
		4D78C23C2C36E230009AAF5E /* ViewModels */ = {
			isa = PBXGroup;
			children = (
				4D78C22B2C36E121009AAF5E /* WorkoutViewModel.swift */,
				4D59F9A22C3AAF5B00CA853D /* TimerViewModel.swift */,
			);
			path = ViewModels;
			sourceTree = "<group>";
		};
/* End PBXGroup section */

/* Begin PBXNativeTarget section */
		4D78C2172C36E000009AAF5E /* Workout */ = {
			isa = PBXNativeTarget;
			buildConfigurationList = 4D78C2262C36E001009AAF5E /* Build configuration list for PBXNativeTarget "Workout" */;
			buildPhases = (
				4D78C2142C36E000009AAF5E /* Sources */,
				4D78C2152C36E000009AAF5E /* Frameworks */,
				4D78C2162C36E000009AAF5E /* Resources */,
			);
			buildRules = (
			);
			dependencies = (
			);
			name = Workout;
			packageProductDependencies = (
				4D78C22E2C36E186009AAF5E /* RxBlocking */,
				4D78C2302C36E186009AAF5E /* RxBlocking-Dynamic */,
				4D78C2322C36E186009AAF5E /* RxCocoa */,
				4D78C2342C36E186009AAF5E /* RxCocoa-Dynamic */,
				4D78C2362C36E186009AAF5E /* RxRelay */,
				4D78C2382C36E186009AAF5E /* RxRelay-Dynamic */,
			);
			productName = Workout;
			productReference = 4D78C2182C36E000009AAF5E /* Workout.app */;
			productType = "com.apple.product-type.application";
		};
/* End PBXNativeTarget section */

/* Begin PBXProject section */
		4D78C2102C36E000009AAF5E /* Project object */ = {
			isa = PBXProject;
			attributes = {
				BuildIndependentTargetsInParallel = 1;
				LastSwiftUpdateCheck = 1520;
				LastUpgradeCheck = 1520;
				TargetAttributes = {
					4D78C2172C36E000009AAF5E = {
						CreatedOnToolsVersion = 15.2;
					};
				};
			};
			buildConfigurationList = 4D78C2132C36E000009AAF5E /* Build configuration list for PBXProject "Workout" */;
			compatibilityVersion = "Xcode 14.0";
			developmentRegion = en;
			hasScannedForEncodings = 0;
			knownRegions = (
				en,
				Base,
			);
			mainGroup = 4D78C20F2C36E000009AAF5E;
			packageReferences = (
				4D78C22D2C36E186009AAF5E /* XCRemoteSwiftPackageReference "RxSwift" */,
			);
			productRefGroup = 4D78C2192C36E000009AAF5E /* Products */;
			projectDirPath = "";
			projectRoot = "";
			targets = (
				4D78C2172C36E000009AAF5E /* Workout */,
			);
		};
/* End PBXProject section */

/* Begin PBXResourcesBuildPhase section */
		4D78C2162C36E000009AAF5E /* Resources */ = {
			isa = PBXResourcesBuildPhase;
			buildActionMask = 2147483647;
			files = (
				4D78C2232C36E001009AAF5E /* Preview Assets.xcassets in Resources */,
				4D78C2202C36E001009AAF5E /* Assets.xcassets in Resources */,
			);
			runOnlyForDeploymentPostprocessing = 0;
		};
/* End PBXResourcesBuildPhase section */

/* Begin PBXSourcesBuildPhase section */
		4D78C2142C36E000009AAF5E /* Sources */ = {
			isa = PBXSourcesBuildPhase;
			buildActionMask = 2147483647;
			files = (
				4D59F9A12C3AA9C200CA853D /* TimerSettings.swift in Sources */,
				4D59F9A32C3AAF5B00CA853D /* TimerViewModel.swift in Sources */,
				4D59F99F2C3AA58500CA853D /* MyPageView.swift in Sources */,
				4D59F99D2C3AA57B00CA853D /* TimerView.swift in Sources */,
				4D78C22C2C36E121009AAF5E /* WorkoutViewModel.swift in Sources */,
				4D78C21E2C36E000009AAF5E /* WorkoutsView.swift in Sources */,
				4D31DF9C2C43CB00009150C8 /* CalendarView.swift in Sources */,
				4D78C21C2C36E000009AAF5E /* WorkoutApp.swift in Sources */,
				4D59F9A52C3ACF5200CA853D /* TimerSettingsView.swift in Sources */,
				4D59F99B2C3AA54700CA853D /* MainView.swift in Sources */,
				4D78C22A2C36E025009AAF5E /* Workout.swift in Sources */,
			);
			runOnlyForDeploymentPostprocessing = 0;
		};
/* End PBXSourcesBuildPhase section */

/* Begin XCBuildConfiguration section */
		4D78C2242C36E001009AAF5E /* Debug */ = {
			isa = XCBuildConfiguration;
			buildSettings = {
				ALWAYS_SEARCH_USER_PATHS = NO;
				ASSETCATALOG_COMPILER_GENERATE_SWIFT_ASSET_SYMBOL_EXTENSIONS = YES;
				CLANG_ANALYZER_NONNULL = YES;
				CLANG_ANALYZER_NUMBER_OBJECT_CONVERSION = YES_AGGRESSIVE;
				CLANG_CXX_LANGUAGE_STANDARD = "gnu++20";
				CLANG_ENABLE_MODULES = YES;
				CLANG_ENABLE_OBJC_ARC = YES;
				CLANG_ENABLE_OBJC_WEAK = YES;
				CLANG_WARN_BLOCK_CAPTURE_AUTORELEASING = YES;
				CLANG_WARN_BOOL_CONVERSION = YES;
				CLANG_WARN_COMMA = YES;
				CLANG_WARN_CONSTANT_CONVERSION = YES;
				CLANG_WARN_DEPRECATED_OBJC_IMPLEMENTATIONS = YES;
				CLANG_WARN_DIRECT_OBJC_ISA_USAGE = YES_ERROR;
				CLANG_WARN_DOCUMENTATION_COMMENTS = YES;
				CLANG_WARN_EMPTY_BODY = YES;
				CLANG_WARN_ENUM_CONVERSION = YES;
				CLANG_WARN_INFINITE_RECURSION = YES;
				CLANG_WARN_INT_CONVERSION = YES;
				CLANG_WARN_NON_LITERAL_NULL_CONVERSION = YES;
				CLANG_WARN_OBJC_IMPLICIT_RETAIN_SELF = YES;
				CLANG_WARN_OBJC_LITERAL_CONVERSION = YES;
				CLANG_WARN_OBJC_ROOT_CLASS = YES_ERROR;
				CLANG_WARN_QUOTED_INCLUDE_IN_FRAMEWORK_HEADER = YES;
				CLANG_WARN_RANGE_LOOP_ANALYSIS = YES;
				CLANG_WARN_STRICT_PROTOTYPES = YES;
				CLANG_WARN_SUSPICIOUS_MOVE = YES;
				CLANG_WARN_UNGUARDED_AVAILABILITY = YES_AGGRESSIVE;
				CLANG_WARN_UNREACHABLE_CODE = YES;
				CLANG_WARN__DUPLICATE_METHOD_MATCH = YES;
				COPY_PHASE_STRIP = NO;
				DEBUG_INFORMATION_FORMAT = dwarf;
				ENABLE_STRICT_OBJC_MSGSEND = YES;
				ENABLE_TESTABILITY = YES;
				ENABLE_USER_SCRIPT_SANDBOXING = YES;
				GCC_C_LANGUAGE_STANDARD = gnu17;
				GCC_DYNAMIC_NO_PIC = NO;
				GCC_NO_COMMON_BLOCKS = YES;
				GCC_OPTIMIZATION_LEVEL = 0;
				GCC_PREPROCESSOR_DEFINITIONS = (
					"DEBUG=1",
					"$(inherited)",
				);
				GCC_WARN_64_TO_32_BIT_CONVERSION = YES;
				GCC_WARN_ABOUT_RETURN_TYPE = YES_ERROR;
				GCC_WARN_UNDECLARED_SELECTOR = YES;
				GCC_WARN_UNINITIALIZED_AUTOS = YES_AGGRESSIVE;
				GCC_WARN_UNUSED_FUNCTION = YES;
				GCC_WARN_UNUSED_VARIABLE = YES;
				IPHONEOS_DEPLOYMENT_TARGET = 17.2;
				LOCALIZATION_PREFERS_STRING_CATALOGS = YES;
				MTL_ENABLE_DEBUG_INFO = INCLUDE_SOURCE;
				MTL_FAST_MATH = YES;
				ONLY_ACTIVE_ARCH = YES;
				SDKROOT = iphoneos;
				SWIFT_ACTIVE_COMPILATION_CONDITIONS = "DEBUG $(inherited)";
				SWIFT_OPTIMIZATION_LEVEL = "-Onone";
			};
			name = Debug;
		};
		4D78C2252C36E001009AAF5E /* Release */ = {
			isa = XCBuildConfiguration;
			buildSettings = {
				ALWAYS_SEARCH_USER_PATHS = NO;
				ASSETCATALOG_COMPILER_GENERATE_SWIFT_ASSET_SYMBOL_EXTENSIONS = YES;
				CLANG_ANALYZER_NONNULL = YES;
				CLANG_ANALYZER_NUMBER_OBJECT_CONVERSION = YES_AGGRESSIVE;
				CLANG_CXX_LANGUAGE_STANDARD = "gnu++20";
				CLANG_ENABLE_MODULES = YES;
				CLANG_ENABLE_OBJC_ARC = YES;
				CLANG_ENABLE_OBJC_WEAK = YES;
				CLANG_WARN_BLOCK_CAPTURE_AUTORELEASING = YES;
				CLANG_WARN_BOOL_CONVERSION = YES;
				CLANG_WARN_COMMA = YES;
				CLANG_WARN_CONSTANT_CONVERSION = YES;
				CLANG_WARN_DEPRECATED_OBJC_IMPLEMENTATIONS = YES;
				CLANG_WARN_DIRECT_OBJC_ISA_USAGE = YES_ERROR;
				CLANG_WARN_DOCUMENTATION_COMMENTS = YES;
				CLANG_WARN_EMPTY_BODY = YES;
				CLANG_WARN_ENUM_CONVERSION = YES;
				CLANG_WARN_INFINITE_RECURSION = YES;
				CLANG_WARN_INT_CONVERSION = YES;
				CLANG_WARN_NON_LITERAL_NULL_CONVERSION = YES;
				CLANG_WARN_OBJC_IMPLICIT_RETAIN_SELF = YES;
				CLANG_WARN_OBJC_LITERAL_CONVERSION = YES;
				CLANG_WARN_OBJC_ROOT_CLASS = YES_ERROR;
				CLANG_WARN_QUOTED_INCLUDE_IN_FRAMEWORK_HEADER = YES;
				CLANG_WARN_RANGE_LOOP_ANALYSIS = YES;
				CLANG_WARN_STRICT_PROTOTYPES = YES;
				CLANG_WARN_SUSPICIOUS_MOVE = YES;
				CLANG_WARN_UNGUARDED_AVAILABILITY = YES_AGGRESSIVE;
				CLANG_WARN_UNREACHABLE_CODE = YES;
				CLANG_WARN__DUPLICATE_METHOD_MATCH = YES;
				COPY_PHASE_STRIP = NO;
				DEBUG_INFORMATION_FORMAT = "dwarf-with-dsym";
				ENABLE_NS_ASSERTIONS = NO;
				ENABLE_STRICT_OBJC_MSGSEND = YES;
				ENABLE_USER_SCRIPT_SANDBOXING = YES;
				GCC_C_LANGUAGE_STANDARD = gnu17;
				GCC_NO_COMMON_BLOCKS = YES;
				GCC_WARN_64_TO_32_BIT_CONVERSION = YES;
				GCC_WARN_ABOUT_RETURN_TYPE = YES_ERROR;
				GCC_WARN_UNDECLARED_SELECTOR = YES;
				GCC_WARN_UNINITIALIZED_AUTOS = YES_AGGRESSIVE;
				GCC_WARN_UNUSED_FUNCTION = YES;
				GCC_WARN_UNUSED_VARIABLE = YES;
				IPHONEOS_DEPLOYMENT_TARGET = 17.2;
				LOCALIZATION_PREFERS_STRING_CATALOGS = YES;
				MTL_ENABLE_DEBUG_INFO = NO;
				MTL_FAST_MATH = YES;
				SDKROOT = iphoneos;
				SWIFT_COMPILATION_MODE = wholemodule;
				VALIDATE_PRODUCT = YES;
			};
			name = Release;
		};
		4D78C2272C36E001009AAF5E /* Debug */ = {
			isa = XCBuildConfiguration;
			buildSettings = {
				ASSETCATALOG_COMPILER_APPICON_NAME = AppIcon;
				ASSETCATALOG_COMPILER_GLOBAL_ACCENT_COLOR_NAME = AccentColor;
				CODE_SIGN_STYLE = Automatic;
				CURRENT_PROJECT_VERSION = 1;
				DEVELOPMENT_ASSET_PATHS = "\"Workout/Preview Content\"";
				ENABLE_PREVIEWS = YES;
				GENERATE_INFOPLIST_FILE = YES;
				INFOPLIST_KEY_UIApplicationSceneManifest_Generation = YES;
				INFOPLIST_KEY_UIApplicationSupportsIndirectInputEvents = YES;
				INFOPLIST_KEY_UILaunchScreen_Generation = YES;
				INFOPLIST_KEY_UISupportedInterfaceOrientations_iPad = "UIInterfaceOrientationPortrait UIInterfaceOrientationPortraitUpsideDown UIInterfaceOrientationLandscapeLeft UIInterfaceOrientationLandscapeRight";
				INFOPLIST_KEY_UISupportedInterfaceOrientations_iPhone = "UIInterfaceOrientationPortrait UIInterfaceOrientationLandscapeLeft UIInterfaceOrientationLandscapeRight";
				LD_RUNPATH_SEARCH_PATHS = (
					"$(inherited)",
					"@executable_path/Frameworks",
				);
				MARKETING_VERSION = 1.0;
				PRODUCT_BUNDLE_IDENTIFIER = Project.Workout;
				PRODUCT_NAME = "$(TARGET_NAME)";
				SWIFT_EMIT_LOC_STRINGS = YES;
				SWIFT_VERSION = 5.0;
				TARGETED_DEVICE_FAMILY = "1,2";
			};
			name = Debug;
		};
		4D78C2282C36E001009AAF5E /* Release */ = {
			isa = XCBuildConfiguration;
			buildSettings = {
				ASSETCATALOG_COMPILER_APPICON_NAME = AppIcon;
				ASSETCATALOG_COMPILER_GLOBAL_ACCENT_COLOR_NAME = AccentColor;
				CODE_SIGN_STYLE = Automatic;
				CURRENT_PROJECT_VERSION = 1;
				DEVELOPMENT_ASSET_PATHS = "\"Workout/Preview Content\"";
				ENABLE_PREVIEWS = YES;
				GENERATE_INFOPLIST_FILE = YES;
				INFOPLIST_KEY_UIApplicationSceneManifest_Generation = YES;
				INFOPLIST_KEY_UIApplicationSupportsIndirectInputEvents = YES;
				INFOPLIST_KEY_UILaunchScreen_Generation = YES;
				INFOPLIST_KEY_UISupportedInterfaceOrientations_iPad = "UIInterfaceOrientationPortrait UIInterfaceOrientationPortraitUpsideDown UIInterfaceOrientationLandscapeLeft UIInterfaceOrientationLandscapeRight";
				INFOPLIST_KEY_UISupportedInterfaceOrientations_iPhone = "UIInterfaceOrientationPortrait UIInterfaceOrientationLandscapeLeft UIInterfaceOrientationLandscapeRight";
				LD_RUNPATH_SEARCH_PATHS = (
					"$(inherited)",
					"@executable_path/Frameworks",
				);
				MARKETING_VERSION = 1.0;
				PRODUCT_BUNDLE_IDENTIFIER = Project.Workout;
				PRODUCT_NAME = "$(TARGET_NAME)";
				SWIFT_EMIT_LOC_STRINGS = YES;
				SWIFT_VERSION = 5.0;
				TARGETED_DEVICE_FAMILY = "1,2";
			};
			name = Release;
		};
/* End XCBuildConfiguration section */

/* Begin XCConfigurationList section */
		4D78C2132C36E000009AAF5E /* Build configuration list for PBXProject "Workout" */ = {
			isa = XCConfigurationList;
			buildConfigurations = (
				4D78C2242C36E001009AAF5E /* Debug */,
				4D78C2252C36E001009AAF5E /* Release */,
			);
			defaultConfigurationIsVisible = 0;
			defaultConfigurationName = Release;
		};
		4D78C2262C36E001009AAF5E /* Build configuration list for PBXNativeTarget "Workout" */ = {
			isa = XCConfigurationList;
			buildConfigurations = (
				4D78C2272C36E001009AAF5E /* Debug */,
				4D78C2282C36E001009AAF5E /* Release */,
			);
			defaultConfigurationIsVisible = 0;
			defaultConfigurationName = Release;
		};
/* End XCConfigurationList section */

/* Begin XCRemoteSwiftPackageReference section */
		4D78C22D2C36E186009AAF5E /* XCRemoteSwiftPackageReference "RxSwift" */ = {
			isa = XCRemoteSwiftPackageReference;
			repositoryURL = "https://github.com/ReactiveX/RxSwift";
			requirement = {
				kind = upToNextMajorVersion;
				minimumVersion = 6.7.1;
			};
		};
/* End XCRemoteSwiftPackageReference section */

/* Begin XCSwiftPackageProductDependency section */
		4D78C22E2C36E186009AAF5E /* RxBlocking */ = {
			isa = XCSwiftPackageProductDependency;
			package = 4D78C22D2C36E186009AAF5E /* XCRemoteSwiftPackageReference "RxSwift" */;
			productName = RxBlocking;
		};
		4D78C2302C36E186009AAF5E /* RxBlocking-Dynamic */ = {
			isa = XCSwiftPackageProductDependency;
			package = 4D78C22D2C36E186009AAF5E /* XCRemoteSwiftPackageReference "RxSwift" */;
			productName = "RxBlocking-Dynamic";
		};
		4D78C2322C36E186009AAF5E /* RxCocoa */ = {
			isa = XCSwiftPackageProductDependency;
			package = 4D78C22D2C36E186009AAF5E /* XCRemoteSwiftPackageReference "RxSwift" */;
			productName = RxCocoa;
		};
		4D78C2342C36E186009AAF5E /* RxCocoa-Dynamic */ = {
			isa = XCSwiftPackageProductDependency;
			package = 4D78C22D2C36E186009AAF5E /* XCRemoteSwiftPackageReference "RxSwift" */;
			productName = "RxCocoa-Dynamic";
		};
		4D78C2362C36E186009AAF5E /* RxRelay */ = {
			isa = XCSwiftPackageProductDependency;
			package = 4D78C22D2C36E186009AAF5E /* XCRemoteSwiftPackageReference "RxSwift" */;
			productName = RxRelay;
		};
		4D78C2382C36E186009AAF5E /* RxRelay-Dynamic */ = {
			isa = XCSwiftPackageProductDependency;
			package = 4D78C22D2C36E186009AAF5E /* XCRemoteSwiftPackageReference "RxSwift" */;
			productName = "RxRelay-Dynamic";
		};
/* End XCSwiftPackageProductDependency section */
	};
	rootObject = 4D78C2102C36E000009AAF5E /* Project object */;
}
